
Microsoft Visual Studio Solution File, Format Version 12.00
# Visual Studio 14
VisualStudioVersion = 14.0.25123.0
MinimumVisualStudioVersion = 10.0.40219.1
Project("{FAE04EC0-301F-11D3-BF4B-00C04F79EFBC}") = "MyPay", "MyPay\MyPay.csproj", "{C60846ED-209A-47AD-8CB3-7E047DE07934}"
EndProject
Project("{FAE04EC0-301F-11D3-BF4B-00C04F79EFBC}") = "MyPayUI", "MyPayUI\MyPayUI.csproj", "{6768166D-75BF-4D0F-8E5C-5BF67DD33969}"
EndProject
Project("{FAE04EC0-301F-11D3-BF4B-00C04F79EFBC}") = "MaterialSkin", "MaterialSkin-master\MaterialSkin\MaterialSkin.csproj", "{8EB7611B-68CD-4B8B-987A-11717E2B250C}"
EndProject
Global
	GlobalSection(SolutionConfigurationPlatforms) = preSolution
		Debug|Any CPU = Debug|Any CPU
		Release|Any CPU = Release|Any CPU
	EndGlobalSection
	GlobalSection(ProjectConfigurationPlatforms) = postSolution
		{C60846ED-209A-47AD-8CB3-7E047DE07934}.Debug|Any CPU.ActiveCfg = Debug|Any CPU
		{C60846ED-209A-47AD-8CB3-7E047DE07934}.Debug|Any CPU.Build.0 = Debug|Any CPU
		{C60846ED-209A-47AD-8CB3-7E047DE07934}.Release|Any CPU.ActiveCfg = Release|Any CPU
		{C60846ED-209A-47AD-8CB3-7E047DE07934}.Release|Any CPU.Build.0 = Release|Any CPU
		{6768166D-75BF-4D0F-8E5C-5BF67DD33969}.Debug|Any CPU.ActiveCfg = Debug|Any CPU
		{6768166D-75BF-4D0F-8E5C-5BF67DD33969}.Debug|Any CPU.Build.0 = Debug|Any CPU
		{6768166D-75BF-4D0F-8E5C-5BF67DD33969}.Release|Any CPU.ActiveCfg = Release|Any CPU
		{6768166D-75BF-4D0F-8E5C-5BF67DD33969}.Release|Any CPU.Build.0 = Release|Any CPU
		{8EB7611B-68CD-4B8B-987A-11717E2B250C}.Debug|Any CPU.ActiveCfg = Debug|Any CPU
		{8EB7611B-68CD-4B8B-987A-11717E2B250C}.Debug|Any CPU.Build.0 = Debug|Any CPU
		{8EB7611B-68CD-4B8B-987A-11717E2B250C}.Release|Any CPU.ActiveCfg = Release|Any CPU
		{8EB7611B-68CD-4B8B-987A-11717E2B250C}.Release|Any CPU.Build.0 = Release|Any CPU
	EndGlobalSection
	GlobalSection(SolutionProperties) = preSolution
		HideSolutionNode = FALSE
	EndGlobalSection
EndGlobal
